// !$*UTF8*$!
{
	archiveVersion = 1;
	classes = {
	};
	objectVersion = 55;
	objects = {

/* Begin PBXBuildFile section */
		BA3C475827AEF12B00B541CD /* DummyViewController.swift in Sources */ = {isa = PBXBuildFile; fileRef = BA3C475727AEF12B00B541CD /* DummyViewController.swift */; };
		BA3C475B27AEFA5400B541CD /* LocalState.swift in Sources */ = {isa = PBXBuildFile; fileRef = BA3C475A27AEFA5400B541CD /* LocalState.swift */; };
		BA3C475D27AF13F300B541CD /* ViewControllers+Utilities.swift in Sources */ = {isa = PBXBuildFile; fileRef = BA3C475C27AF13F300B541CD /* ViewControllers+Utilities.swift */; };
		BA3C475F27AF1B8700B541CD /* MainViewController.swift in Sources */ = {isa = PBXBuildFile; fileRef = BA3C475E27AF1B8700B541CD /* MainViewController.swift */; };
		BA3C476227B08C2200B541CD /* AccountSummaryViewController.swift in Sources */ = {isa = PBXBuildFile; fileRef = BA3C476127B08C2200B541CD /* AccountSummaryViewController.swift */; };
		BA3C476427B093CD00B541CD /* AccountSummaryHeaderView.swift in Sources */ = {isa = PBXBuildFile; fileRef = BA3C476327B093CD00B541CD /* AccountSummaryHeaderView.swift */; };
		BA3C476627B0942900B541CD /* AccountSummaryHeaderView.xib in Resources */ = {isa = PBXBuildFile; fileRef = BA3C476527B0942900B541CD /* AccountSummaryHeaderView.xib */; };
		BA447D2227A6F7750023591E /* AppDelegate.swift in Sources */ = {isa = PBXBuildFile; fileRef = BA447D2127A6F7750023591E /* AppDelegate.swift */; };
		BA447D2627A6F7750023591E /* LoginViewController.swift in Sources */ = {isa = PBXBuildFile; fileRef = BA447D2527A6F7750023591E /* LoginViewController.swift */; };
		BA447D2B27A6F7780023591E /* Assets.xcassets in Resources */ = {isa = PBXBuildFile; fileRef = BA447D2A27A6F7780023591E /* Assets.xcassets */; };
		BA447D2E27A6F7780023591E /* LaunchScreen.storyboard in Resources */ = {isa = PBXBuildFile; fileRef = BA447D2C27A6F7780023591E /* LaunchScreen.storyboard */; };
		BA447D3827A700000023591E /* LoginView.swift in Sources */ = {isa = PBXBuildFile; fileRef = BA447D3727A700000023591E /* LoginView.swift */; };
		BA447D3B27A88C0B0023591E /* OnboardingContainerViewController.swift in Sources */ = {isa = PBXBuildFile; fileRef = BA447D3A27A88C0B0023591E /* OnboardingContainerViewController.swift */; };
		BA447D3D27A89AE20023591E /* OnboardingViewController.swift in Sources */ = {isa = PBXBuildFile; fileRef = BA447D3C27A89AE20023591E /* OnboardingViewController.swift */; };
		BAEC45B327B0D26A003B5121 /* AccountSummaryCell.swift in Sources */ = {isa = PBXBuildFile; fileRef = BAEC45B227B0D26A003B5121 /* AccountSummaryCell.swift */; };
		BAEC45B527B1029D003B5121 /* Decimal+Utilities.swift in Sources */ = {isa = PBXBuildFile; fileRef = BAEC45B427B1029D003B5121 /* Decimal+Utilities.swift */; };
		BAEC45B727B1031C003B5121 /* CurrencyConversion+Utilities.swift in Sources */ = {isa = PBXBuildFile; fileRef = BAEC45B627B1031C003B5121 /* CurrencyConversion+Utilities.swift */; };
		BAEC45C627B1BA00003B5121 /* CurrencyFormatterTests.swift in Sources */ = {isa = PBXBuildFile; fileRef = BAEC45C527B1BA00003B5121 /* CurrencyFormatterTests.swift */; };
		BAEC45C827B2682A003B5121 /* NSNotificationName.swift in Sources */ = {isa = PBXBuildFile; fileRef = BAEC45C727B2682A003B5121 /* NSNotificationName.swift */; };
		BAEC45CA27B26BB0003B5121 /* TextField+ShowPassword.swift in Sources */ = {isa = PBXBuildFile; fileRef = BAEC45C927B26BB0003B5121 /* TextField+ShowPassword.swift */; };
/* End PBXBuildFile section */

/* Begin PBXContainerItemProxy section */
		BAEC45C027B1B945003B5121 /* PBXContainerItemProxy */ = {
			isa = PBXContainerItemProxy;
			containerPortal = BA447D1627A6F7750023591E /* Project object */;
			proxyType = 1;
			remoteGlobalIDString = BA447D1D27A6F7750023591E;
			remoteInfo = Accounts;
		};
/* End PBXContainerItemProxy section */

/* Begin PBXFileReference section */
		BA3C475727AEF12B00B541CD /* DummyViewController.swift */ = {isa = PBXFileReference; lastKnownFileType = sourcecode.swift; path = DummyViewController.swift; sourceTree = "<group>"; };
		BA3C475A27AEFA5400B541CD /* LocalState.swift */ = {isa = PBXFileReference; lastKnownFileType = sourcecode.swift; path = LocalState.swift; sourceTree = "<group>"; };
		BA3C475C27AF13F300B541CD /* ViewControllers+Utilities.swift */ = {isa = PBXFileReference; lastKnownFileType = sourcecode.swift; path = "ViewControllers+Utilities.swift"; sourceTree = "<group>"; };
		BA3C475E27AF1B8700B541CD /* MainViewController.swift */ = {isa = PBXFileReference; lastKnownFileType = sourcecode.swift; path = MainViewController.swift; sourceTree = "<group>"; };
		BA3C476127B08C2200B541CD /* AccountSummaryViewController.swift */ = {isa = PBXFileReference; lastKnownFileType = sourcecode.swift; path = AccountSummaryViewController.swift; sourceTree = "<group>"; };
		BA3C476327B093CD00B541CD /* AccountSummaryHeaderView.swift */ = {isa = PBXFileReference; lastKnownFileType = sourcecode.swift; path = AccountSummaryHeaderView.swift; sourceTree = "<group>"; };
		BA3C476527B0942900B541CD /* AccountSummaryHeaderView.xib */ = {isa = PBXFileReference; lastKnownFileType = file.xib; path = AccountSummaryHeaderView.xib; sourceTree = "<group>"; };
		BA447D1E27A6F7750023591E /* Accounts.app */ = {isa = PBXFileReference; explicitFileType = wrapper.application; includeInIndex = 0; path = Accounts.app; sourceTree = BUILT_PRODUCTS_DIR; };
		BA447D2127A6F7750023591E /* AppDelegate.swift */ = {isa = PBXFileReference; lastKnownFileType = sourcecode.swift; path = AppDelegate.swift; sourceTree = "<group>"; };
		BA447D2527A6F7750023591E /* LoginViewController.swift */ = {isa = PBXFileReference; lastKnownFileType = sourcecode.swift; path = LoginViewController.swift; sourceTree = "<group>"; };
		BA447D2A27A6F7780023591E /* Assets.xcassets */ = {isa = PBXFileReference; lastKnownFileType = folder.assetcatalog; path = Assets.xcassets; sourceTree = "<group>"; };
		BA447D2D27A6F7780023591E /* Base */ = {isa = PBXFileReference; lastKnownFileType = file.storyboard; name = Base; path = Base.lproj/LaunchScreen.storyboard; sourceTree = "<group>"; };
		BA447D2F27A6F7780023591E /* Info.plist */ = {isa = PBXFileReference; lastKnownFileType = text.plist.xml; path = Info.plist; sourceTree = "<group>"; };
		BA447D3727A700000023591E /* LoginView.swift */ = {isa = PBXFileReference; lastKnownFileType = sourcecode.swift; path = LoginView.swift; sourceTree = "<group>"; };
		BA447D3A27A88C0B0023591E /* OnboardingContainerViewController.swift */ = {isa = PBXFileReference; lastKnownFileType = sourcecode.swift; path = OnboardingContainerViewController.swift; sourceTree = "<group>"; };
		BA447D3C27A89AE20023591E /* OnboardingViewController.swift */ = {isa = PBXFileReference; lastKnownFileType = sourcecode.swift; path = OnboardingViewController.swift; sourceTree = "<group>"; };
		BAEC45B227B0D26A003B5121 /* AccountSummaryCell.swift */ = {isa = PBXFileReference; lastKnownFileType = sourcecode.swift; path = AccountSummaryCell.swift; sourceTree = "<group>"; };
		BAEC45B427B1029D003B5121 /* Decimal+Utilities.swift */ = {isa = PBXFileReference; lastKnownFileType = sourcecode.swift; path = "Decimal+Utilities.swift"; sourceTree = "<group>"; };
		BAEC45B627B1031C003B5121 /* CurrencyConversion+Utilities.swift */ = {isa = PBXFileReference; lastKnownFileType = sourcecode.swift; path = "CurrencyConversion+Utilities.swift"; sourceTree = "<group>"; };
		BAEC45BC27B1B945003B5121 /* AccountsUnitTests.xctest */ = {isa = PBXFileReference; explicitFileType = wrapper.cfbundle; includeInIndex = 0; path = AccountsUnitTests.xctest; sourceTree = BUILT_PRODUCTS_DIR; };
		BAEC45C527B1BA00003B5121 /* CurrencyFormatterTests.swift */ = {isa = PBXFileReference; lastKnownFileType = sourcecode.swift; path = CurrencyFormatterTests.swift; sourceTree = "<group>"; };
		BAEC45C727B2682A003B5121 /* NSNotificationName.swift */ = {isa = PBXFileReference; lastKnownFileType = sourcecode.swift; path = NSNotificationName.swift; sourceTree = "<group>"; };
		BAEC45C927B26BB0003B5121 /* TextField+ShowPassword.swift */ = {isa = PBXFileReference; lastKnownFileType = sourcecode.swift; path = "TextField+ShowPassword.swift"; sourceTree = "<group>"; };
/* End PBXFileReference section */

/* Begin PBXFrameworksBuildPhase section */
		BA447D1B27A6F7750023591E /* Frameworks */ = {
			isa = PBXFrameworksBuildPhase;
			buildActionMask = 2147483647;
			files = (
			);
			runOnlyForDeploymentPostprocessing = 0;
		};
		BAEC45B927B1B945003B5121 /* Frameworks */ = {
			isa = PBXFrameworksBuildPhase;
			buildActionMask = 2147483647;
			files = (
			);
			runOnlyForDeploymentPostprocessing = 0;
		};
/* End PBXFrameworksBuildPhase section */

/* Begin PBXGroup section */
		BA3C475927AEFA4400B541CD /* Utilities */ = {
			isa = PBXGroup;
			children = (
				BA3C475A27AEFA5400B541CD /* LocalState.swift */,
				BA3C475C27AF13F300B541CD /* ViewControllers+Utilities.swift */,
				BAEC45B627B1031C003B5121 /* CurrencyConversion+Utilities.swift */,
				BAEC45B427B1029D003B5121 /* Decimal+Utilities.swift */,
				BAEC45C727B2682A003B5121 /* NSNotificationName.swift */,
				BAEC45C927B26BB0003B5121 /* TextField+ShowPassword.swift */,
			);
			path = Utilities;
			sourceTree = "<group>";
		};
		BA3C476027B08BF500B541CD /* AccountSummary */ = {
			isa = PBXGroup;
			children = (
				BA3C476127B08C2200B541CD /* AccountSummaryViewController.swift */,
				BAEC45AF27B0D223003B5121 /* Cell */,
				BAEC45AE27B0D209003B5121 /* Header */,
			);
			path = AccountSummary;
			sourceTree = "<group>";
		};
		BA447D1527A6F7750023591E = {
			isa = PBXGroup;
			children = (
				BA447D2027A6F7750023591E /* Accounts */,
				BAEC45BD27B1B945003B5121 /* AccountsUnitTests */,
				BA447D1F27A6F7750023591E /* Products */,
			);
			sourceTree = "<group>";
		};
		BA447D1F27A6F7750023591E /* Products */ = {
			isa = PBXGroup;
			children = (
				BA447D1E27A6F7750023591E /* Accounts.app */,
				BAEC45BC27B1B945003B5121 /* AccountsUnitTests.xctest */,
			);
			name = Products;
			sourceTree = "<group>";
		};
		BA447D2027A6F7750023591E /* Accounts */ = {
			isa = PBXGroup;
			children = (
				BA447D2127A6F7750023591E /* AppDelegate.swift */,
				BA3C475E27AF1B8700B541CD /* MainViewController.swift */,
				BA447D3927A88BCB0023591E /* Onboarding */,
				BA447D3627A6FEB80023591E /* Login */,
				BA3C476027B08BF500B541CD /* AccountSummary */,
				BA3C475927AEFA4400B541CD /* Utilities */,
				BA447D3527A6FD750023591E /* Files */,
			);
			path = Accounts;
			sourceTree = "<group>";
		};
		BA447D3527A6FD750023591E /* Files */ = {
			isa = PBXGroup;
			children = (
				BA447D2A27A6F7780023591E /* Assets.xcassets */,
				BA447D2C27A6F7780023591E /* LaunchScreen.storyboard */,
				BA447D2F27A6F7780023591E /* Info.plist */,
			);
			name = Files;
			sourceTree = "<group>";
		};
		BA447D3627A6FEB80023591E /* Login */ = {
			isa = PBXGroup;
			children = (
				BA447D2527A6F7750023591E /* LoginViewController.swift */,
				BA447D3727A700000023591E /* LoginView.swift */,
				BA3C475727AEF12B00B541CD /* DummyViewController.swift */,
			);
			path = Login;
			sourceTree = "<group>";
		};
		BA447D3927A88BCB0023591E /* Onboarding */ = {
			isa = PBXGroup;
			children = (
				BA447D3A27A88C0B0023591E /* OnboardingContainerViewController.swift */,
				BA447D3C27A89AE20023591E /* OnboardingViewController.swift */,
			);
			path = Onboarding;
			sourceTree = "<group>";
		};
		BAEC45AE27B0D209003B5121 /* Header */ = {
			isa = PBXGroup;
			children = (
				BA3C476327B093CD00B541CD /* AccountSummaryHeaderView.swift */,
				BA3C476527B0942900B541CD /* AccountSummaryHeaderView.xib */,
			);
			path = Header;
			sourceTree = "<group>";
		};
		BAEC45AF27B0D223003B5121 /* Cell */ = {
			isa = PBXGroup;
			children = (
				BAEC45B227B0D26A003B5121 /* AccountSummaryCell.swift */,
			);
			path = Cell;
			sourceTree = "<group>";
		};
		BAEC45BD27B1B945003B5121 /* AccountsUnitTests */ = {
			isa = PBXGroup;
			children = (
				BAEC45C527B1BA00003B5121 /* CurrencyFormatterTests.swift */,
			);
			path = AccountsUnitTests;
			sourceTree = "<group>";
		};
/* End PBXGroup section */

/* Begin PBXNativeTarget section */
		BA447D1D27A6F7750023591E /* Accounts */ = {
			isa = PBXNativeTarget;
			buildConfigurationList = BA447D3227A6F7780023591E /* Build configuration list for PBXNativeTarget "Accounts" */;
			buildPhases = (
				BA447D1A27A6F7750023591E /* Sources */,
				BA447D1B27A6F7750023591E /* Frameworks */,
				BA447D1C27A6F7750023591E /* Resources */,
			);
			buildRules = (
			);
			dependencies = (
			);
			name = Accounts;
			productName = Accounts;
			productReference = BA447D1E27A6F7750023591E /* Accounts.app */;
			productType = "com.apple.product-type.application";
		};
		BAEC45BB27B1B945003B5121 /* AccountsUnitTests */ = {
			isa = PBXNativeTarget;
			buildConfigurationList = BAEC45C227B1B945003B5121 /* Build configuration list for PBXNativeTarget "AccountsUnitTests" */;
			buildPhases = (
				BAEC45B827B1B945003B5121 /* Sources */,
				BAEC45B927B1B945003B5121 /* Frameworks */,
				BAEC45BA27B1B945003B5121 /* Resources */,
			);
			buildRules = (
			);
			dependencies = (
				BAEC45C127B1B945003B5121 /* PBXTargetDependency */,
			);
			name = AccountsUnitTests;
			productName = AccountsUnitTests;
			productReference = BAEC45BC27B1B945003B5121 /* AccountsUnitTests.xctest */;
			productType = "com.apple.product-type.bundle.unit-test";
		};
/* End PBXNativeTarget section */

/* Begin PBXProject section */
		BA447D1627A6F7750023591E /* Project object */ = {
			isa = PBXProject;
			attributes = {
				BuildIndependentTargetsInParallel = 1;
				LastSwiftUpdateCheck = 1320;
				LastUpgradeCheck = 1320;
				TargetAttributes = {
					BA447D1D27A6F7750023591E = {
						CreatedOnToolsVersion = 13.2.1;
					};
					BAEC45BB27B1B945003B5121 = {
						CreatedOnToolsVersion = 13.2.1;
						LastSwiftMigration = 1320;
						TestTargetID = BA447D1D27A6F7750023591E;
					};
				};
			};
			buildConfigurationList = BA447D1927A6F7750023591E /* Build configuration list for PBXProject "Accounts" */;
			compatibilityVersion = "Xcode 13.0";
			developmentRegion = en;
			hasScannedForEncodings = 0;
			knownRegions = (
				en,
				Base,
			);
			mainGroup = BA447D1527A6F7750023591E;
			productRefGroup = BA447D1F27A6F7750023591E /* Products */;
			projectDirPath = "";
			projectRoot = "";
			targets = (
				BA447D1D27A6F7750023591E /* Accounts */,
				BAEC45BB27B1B945003B5121 /* AccountsUnitTests */,
			);
		};
/* End PBXProject section */

/* Begin PBXResourcesBuildPhase section */
		BA447D1C27A6F7750023591E /* Resources */ = {
			isa = PBXResourcesBuildPhase;
			buildActionMask = 2147483647;
			files = (
				BA3C476627B0942900B541CD /* AccountSummaryHeaderView.xib in Resources */,
				BA447D2E27A6F7780023591E /* LaunchScreen.storyboard in Resources */,
				BA447D2B27A6F7780023591E /* Assets.xcassets in Resources */,
			);
			runOnlyForDeploymentPostprocessing = 0;
		};
		BAEC45BA27B1B945003B5121 /* Resources */ = {
			isa = PBXResourcesBuildPhase;
			buildActionMask = 2147483647;
			files = (
			);
			runOnlyForDeploymentPostprocessing = 0;
		};
/* End PBXResourcesBuildPhase section */

/* Begin PBXSourcesBuildPhase section */
		BA447D1A27A6F7750023591E /* Sources */ = {
			isa = PBXSourcesBuildPhase;
			buildActionMask = 2147483647;
			files = (
				BA447D3827A700000023591E /* LoginView.swift in Sources */,
				BA3C475B27AEFA5400B541CD /* LocalState.swift in Sources */,
				BAEC45B327B0D26A003B5121 /* AccountSummaryCell.swift in Sources */,
				BA447D2627A6F7750023591E /* LoginViewController.swift in Sources */,
				BA3C476427B093CD00B541CD /* AccountSummaryHeaderView.swift in Sources */,
				BA3C475D27AF13F300B541CD /* ViewControllers+Utilities.swift in Sources */,
				BA447D3D27A89AE20023591E /* OnboardingViewController.swift in Sources */,
				BAEC45C827B2682A003B5121 /* NSNotificationName.swift in Sources */,
				BAEC45B727B1031C003B5121 /* CurrencyConversion+Utilities.swift in Sources */,
				BA3C475827AEF12B00B541CD /* DummyViewController.swift in Sources */,
				BA3C475F27AF1B8700B541CD /* MainViewController.swift in Sources */,
				BA3C476227B08C2200B541CD /* AccountSummaryViewController.swift in Sources */,
				BA447D2227A6F7750023591E /* AppDelegate.swift in Sources */,
				BAEC45B527B1029D003B5121 /* Decimal+Utilities.swift in Sources */,
				BA447D3B27A88C0B0023591E /* OnboardingContainerViewController.swift in Sources */,
				BAEC45CA27B26BB0003B5121 /* TextField+ShowPassword.swift in Sources */,
			);
			runOnlyForDeploymentPostprocessing = 0;
		};
		BAEC45B827B1B945003B5121 /* Sources */ = {
			isa = PBXSourcesBuildPhase;
			buildActionMask = 2147483647;
			files = (
				BAEC45C627B1BA00003B5121 /* CurrencyFormatterTests.swift in Sources */,
			);
			runOnlyForDeploymentPostprocessing = 0;
		};
/* End PBXSourcesBuildPhase section */

/* Begin PBXTargetDependency section */
		BAEC45C127B1B945003B5121 /* PBXTargetDependency */ = {
			isa = PBXTargetDependency;
			target = BA447D1D27A6F7750023591E /* Accounts */;
			targetProxy = BAEC45C027B1B945003B5121 /* PBXContainerItemProxy */;
		};
/* End PBXTargetDependency section */

/* Begin PBXVariantGroup section */
		BA447D2C27A6F7780023591E /* LaunchScreen.storyboard */ = {
			isa = PBXVariantGroup;
			children = (
				BA447D2D27A6F7780023591E /* Base */,
			);
			name = LaunchScreen.storyboard;
			sourceTree = "<group>";
		};
/* End PBXVariantGroup section */

/* Begin XCBuildConfiguration section */
		BA447D3027A6F7780023591E /* Debug */ = {
			isa = XCBuildConfiguration;
			buildSettings = {
				ALWAYS_SEARCH_USER_PATHS = NO;
				CLANG_ANALYZER_NONNULL = YES;
				CLANG_ANALYZER_NUMBER_OBJECT_CONVERSION = YES_AGGRESSIVE;
				CLANG_CXX_LANGUAGE_STANDARD = "gnu++17";
				CLANG_CXX_LIBRARY = "libc++";
				CLANG_ENABLE_MODULES = YES;
				CLANG_ENABLE_OBJC_ARC = YES;
				CLANG_ENABLE_OBJC_WEAK = YES;
				CLANG_WARN_BLOCK_CAPTURE_AUTORELEASING = YES;
				CLANG_WARN_BOOL_CONVERSION = YES;
				CLANG_WARN_COMMA = YES;
				CLANG_WARN_CONSTANT_CONVERSION = YES;
				CLANG_WARN_DEPRECATED_OBJC_IMPLEMENTATIONS = YES;
				CLANG_WARN_DIRECT_OBJC_ISA_USAGE = YES_ERROR;
				CLANG_WARN_DOCUMENTATION_COMMENTS = YES;
				CLANG_WARN_EMPTY_BODY = YES;
				CLANG_WARN_ENUM_CONVERSION = YES;
				CLANG_WARN_INFINITE_RECURSION = YES;
				CLANG_WARN_INT_CONVERSION = YES;
				CLANG_WARN_NON_LITERAL_NULL_CONVERSION = YES;
				CLANG_WARN_OBJC_IMPLICIT_RETAIN_SELF = YES;
				CLANG_WARN_OBJC_LITERAL_CONVERSION = YES;
				CLANG_WARN_OBJC_ROOT_CLASS = YES_ERROR;
				CLANG_WARN_QUOTED_INCLUDE_IN_FRAMEWORK_HEADER = YES;
				CLANG_WARN_RANGE_LOOP_ANALYSIS = YES;
				CLANG_WARN_STRICT_PROTOTYPES = YES;
				CLANG_WARN_SUSPICIOUS_MOVE = YES;
				CLANG_WARN_UNGUARDED_AVAILABILITY = YES_AGGRESSIVE;
				CLANG_WARN_UNREACHABLE_CODE = YES;
				CLANG_WARN__DUPLICATE_METHOD_MATCH = YES;
				COPY_PHASE_STRIP = NO;
				DEBUG_INFORMATION_FORMAT = dwarf;
				ENABLE_STRICT_OBJC_MSGSEND = YES;
				ENABLE_TESTABILITY = YES;
				GCC_C_LANGUAGE_STANDARD = gnu11;
				GCC_DYNAMIC_NO_PIC = NO;
				GCC_NO_COMMON_BLOCKS = YES;
				GCC_OPTIMIZATION_LEVEL = 0;
				GCC_PREPROCESSOR_DEFINITIONS = (
					"DEBUG=1",
					"$(inherited)",
				);
				GCC_WARN_64_TO_32_BIT_CONVERSION = YES;
				GCC_WARN_ABOUT_RETURN_TYPE = YES_ERROR;
				GCC_WARN_UNDECLARED_SELECTOR = YES;
				GCC_WARN_UNINITIALIZED_AUTOS = YES_AGGRESSIVE;
				GCC_WARN_UNUSED_FUNCTION = YES;
				GCC_WARN_UNUSED_VARIABLE = YES;
				IPHONEOS_DEPLOYMENT_TARGET = 15.2;
				MTL_ENABLE_DEBUG_INFO = INCLUDE_SOURCE;
				MTL_FAST_MATH = YES;
				ONLY_ACTIVE_ARCH = YES;
				SDKROOT = iphoneos;
				SWIFT_ACTIVE_COMPILATION_CONDITIONS = DEBUG;
				SWIFT_OPTIMIZATION_LEVEL = "-Onone";
			};
			name = Debug;
		};
		BA447D3127A6F7780023591E /* Release */ = {
			isa = XCBuildConfiguration;
			buildSettings = {
				ALWAYS_SEARCH_USER_PATHS = NO;
				CLANG_ANALYZER_NONNULL = YES;
				CLANG_ANALYZER_NUMBER_OBJECT_CONVERSION = YES_AGGRESSIVE;
				CLANG_CXX_LANGUAGE_STANDARD = "gnu++17";
				CLANG_CXX_LIBRARY = "libc++";
				CLANG_ENABLE_MODULES = YES;
				CLANG_ENABLE_OBJC_ARC = YES;
				CLANG_ENABLE_OBJC_WEAK = YES;
				CLANG_WARN_BLOCK_CAPTURE_AUTORELEASING = YES;
				CLANG_WARN_BOOL_CONVERSION = YES;
				CLANG_WARN_COMMA = YES;
				CLANG_WARN_CONSTANT_CONVERSION = YES;
				CLANG_WARN_DEPRECATED_OBJC_IMPLEMENTATIONS = YES;
				CLANG_WARN_DIRECT_OBJC_ISA_USAGE = YES_ERROR;
				CLANG_WARN_DOCUMENTATION_COMMENTS = YES;
				CLANG_WARN_EMPTY_BODY = YES;
				CLANG_WARN_ENUM_CONVERSION = YES;
				CLANG_WARN_INFINITE_RECURSION = YES;
				CLANG_WARN_INT_CONVERSION = YES;
				CLANG_WARN_NON_LITERAL_NULL_CONVERSION = YES;
				CLANG_WARN_OBJC_IMPLICIT_RETAIN_SELF = YES;
				CLANG_WARN_OBJC_LITERAL_CONVERSION = YES;
				CLANG_WARN_OBJC_ROOT_CLASS = YES_ERROR;
				CLANG_WARN_QUOTED_INCLUDE_IN_FRAMEWORK_HEADER = YES;
				CLANG_WARN_RANGE_LOOP_ANALYSIS = YES;
				CLANG_WARN_STRICT_PROTOTYPES = YES;
				CLANG_WARN_SUSPICIOUS_MOVE = YES;
				CLANG_WARN_UNGUARDED_AVAILABILITY = YES_AGGRESSIVE;
				CLANG_WARN_UNREACHABLE_CODE = YES;
				CLANG_WARN__DUPLICATE_METHOD_MATCH = YES;
				COPY_PHASE_STRIP = NO;
				DEBUG_INFORMATION_FORMAT = "dwarf-with-dsym";
				ENABLE_NS_ASSERTIONS = NO;
				ENABLE_STRICT_OBJC_MSGSEND = YES;
				GCC_C_LANGUAGE_STANDARD = gnu11;
				GCC_NO_COMMON_BLOCKS = YES;
				GCC_WARN_64_TO_32_BIT_CONVERSION = YES;
				GCC_WARN_ABOUT_RETURN_TYPE = YES_ERROR;
				GCC_WARN_UNDECLARED_SELECTOR = YES;
				GCC_WARN_UNINITIALIZED_AUTOS = YES_AGGRESSIVE;
				GCC_WARN_UNUSED_FUNCTION = YES;
				GCC_WARN_UNUSED_VARIABLE = YES;
				IPHONEOS_DEPLOYMENT_TARGET = 15.2;
				MTL_ENABLE_DEBUG_INFO = NO;
				MTL_FAST_MATH = YES;
				SDKROOT = iphoneos;
				SWIFT_COMPILATION_MODE = wholemodule;
				SWIFT_OPTIMIZATION_LEVEL = "-O";
				VALIDATE_PRODUCT = YES;
			};
			name = Release;
		};
		BA447D3327A6F7780023591E /* Debug */ = {
			isa = XCBuildConfiguration;
			buildSettings = {
				ASSETCATALOG_COMPILER_APPICON_NAME = AppIcon;
				ASSETCATALOG_COMPILER_GLOBAL_ACCENT_COLOR_NAME = AccentColor;
				CODE_SIGN_STYLE = Automatic;
				CURRENT_PROJECT_VERSION = 1;
				DEVELOPMENT_TEAM = UC8QT6XYPN;
				GENERATE_INFOPLIST_FILE = YES;
				INFOPLIST_FILE = Accounts/Info.plist;
				INFOPLIST_KEY_UIApplicationSupportsIndirectInputEvents = YES;
				INFOPLIST_KEY_UILaunchStoryboardName = LaunchScreen;
				INFOPLIST_KEY_UISupportedInterfaceOrientations_iPad = "UIInterfaceOrientationPortrait UIInterfaceOrientationPortraitUpsideDown UIInterfaceOrientationLandscapeLeft UIInterfaceOrientationLandscapeRight";
				INFOPLIST_KEY_UISupportedInterfaceOrientations_iPhone = "UIInterfaceOrientationPortrait UIInterfaceOrientationLandscapeLeft UIInterfaceOrientationLandscapeRight";
				LD_RUNPATH_SEARCH_PATHS = (
					"$(inherited)",
					"@executable_path/Frameworks",
				);
				MARKETING_VERSION = 1.0;
				PRODUCT_BUNDLE_IDENTIFIER = benjigarrison.Accounts;
				PRODUCT_NAME = "$(TARGET_NAME)";
				SWIFT_EMIT_LOC_STRINGS = YES;
				SWIFT_VERSION = 5.0;
				TARGETED_DEVICE_FAMILY = "1,2";
			};
			name = Debug;
		};
		BA447D3427A6F7780023591E /* Release */ = {
			isa = XCBuildConfiguration;
			buildSettings = {
				ASSETCATALOG_COMPILER_APPICON_NAME = AppIcon;
				ASSETCATALOG_COMPILER_GLOBAL_ACCENT_COLOR_NAME = AccentColor;
				CODE_SIGN_STYLE = Automatic;
				CURRENT_PROJECT_VERSION = 1;
				DEVELOPMENT_TEAM = UC8QT6XYPN;
				GENERATE_INFOPLIST_FILE = YES;
				INFOPLIST_FILE = Accounts/Info.plist;
				INFOPLIST_KEY_UIApplicationSupportsIndirectInputEvents = YES;
				INFOPLIST_KEY_UILaunchStoryboardName = LaunchScreen;
				INFOPLIST_KEY_UISupportedInterfaceOrientations_iPad = "UIInterfaceOrientationPortrait UIInterfaceOrientationPortraitUpsideDown UIInterfaceOrientationLandscapeLeft UIInterfaceOrientationLandscapeRight";
				INFOPLIST_KEY_UISupportedInterfaceOrientations_iPhone = "UIInterfaceOrientationPortrait UIInterfaceOrientationLandscapeLeft UIInterfaceOrientationLandscapeRight";
				LD_RUNPATH_SEARCH_PATHS = (
					"$(inherited)",
					"@executable_path/Frameworks",
				);
				MARKETING_VERSION = 1.0;
				PRODUCT_BUNDLE_IDENTIFIER = benjigarrison.Accounts;
				PRODUCT_NAME = "$(TARGET_NAME)";
				SWIFT_EMIT_LOC_STRINGS = YES;
				SWIFT_VERSION = 5.0;
				TARGETED_DEVICE_FAMILY = "1,2";
			};
			name = Release;
		};
		BAEC45C327B1B945003B5121 /* Debug */ = {
			isa = XCBuildConfiguration;
			buildSettings = {
				BUNDLE_LOADER = "$(TEST_HOST)";
				CLANG_ENABLE_MODULES = YES;
				CODE_SIGN_STYLE = Automatic;
				CURRENT_PROJECT_VERSION = 1;
				DEVELOPMENT_TEAM = UC8QT6XYPN;
				GENERATE_INFOPLIST_FILE = YES;
				LD_RUNPATH_SEARCH_PATHS = (
					"$(inherited)",
					"@executable_path/Frameworks",
					"@loader_path/Frameworks",
				);
				MARKETING_VERSION = 1.0;
				PRODUCT_BUNDLE_IDENTIFIER = benjigarrison.AccountsUnitTests;
				PRODUCT_NAME = "$(TARGET_NAME)";
				SWIFT_EMIT_LOC_STRINGS = NO;
				SWIFT_OPTIMIZATION_LEVEL = "-Onone";
				SWIFT_VERSION = 5.0;
				TARGETED_DEVICE_FAMILY = "1,2";
				TEST_HOST = "$(BUILT_PRODUCTS_DIR)/Accounts.app/Accounts";
			};
			name = Debug;
		};
		BAEC45C427B1B945003B5121 /* Release */ = {
			isa = XCBuildConfiguration;
			buildSettings = {
				BUNDLE_LOADER = "$(TEST_HOST)";
				CLANG_ENABLE_MODULES = YES;
				CODE_SIGN_STYLE = Automatic;
				CURRENT_PROJECT_VERSION = 1;
				DEVELOPMENT_TEAM = UC8QT6XYPN;
				GENERATE_INFOPLIST_FILE = YES;
				LD_RUNPATH_SEARCH_PATHS = (
					"$(inherited)",
					"@executable_path/Frameworks",
					"@loader_path/Frameworks",
				);
				MARKETING_VERSION = 1.0;
				PRODUCT_BUNDLE_IDENTIFIER = benjigarrison.AccountsUnitTests;
				PRODUCT_NAME = "$(TARGET_NAME)";
				SWIFT_EMIT_LOC_STRINGS = NO;
				SWIFT_VERSION = 5.0;
				TARGETED_DEVICE_FAMILY = "1,2";
				TEST_HOST = "$(BUILT_PRODUCTS_DIR)/Accounts.app/Accounts";
			};
			name = Release;
		};
/* End XCBuildConfiguration section */

/* Begin XCConfigurationList section */
		BA447D1927A6F7750023591E /* Build configuration list for PBXProject "Accounts" */ = {
			isa = XCConfigurationList;
			buildConfigurations = (
				BA447D3027A6F7780023591E /* Debug */,
				BA447D3127A6F7780023591E /* Release */,
			);
			defaultConfigurationIsVisible = 0;
			defaultConfigurationName = Release;
		};
		BA447D3227A6F7780023591E /* Build configuration list for PBXNativeTarget "Accounts" */ = {
			isa = XCConfigurationList;
			buildConfigurations = (
				BA447D3327A6F7780023591E /* Debug */,
				BA447D3427A6F7780023591E /* Release */,
			);
			defaultConfigurationIsVisible = 0;
			defaultConfigurationName = Release;
		};
		BAEC45C227B1B945003B5121 /* Build configuration list for PBXNativeTarget "AccountsUnitTests" */ = {
			isa = XCConfigurationList;
			buildConfigurations = (
				BAEC45C327B1B945003B5121 /* Debug */,
				BAEC45C427B1B945003B5121 /* Release */,
			);
			defaultConfigurationIsVisible = 0;
			defaultConfigurationName = Release;
		};
/* End XCConfigurationList section */
	};
	rootObject = BA447D1627A6F7750023591E /* Project object */;
}
